{
  "nodes": {
    "flake-compat": {
      "flake": false,
      "locked": {
        "lastModified": 1648199409,
        "narHash": "sha256-JwPKdC2PoVBkG6E+eWw3j6BMR6sL3COpYWfif7RVb8Y=",
        "owner": "edolstra",
        "repo": "flake-compat",
        "rev": "64a525ee38886ab9028e6f61790de0832aa3ef03",
        "type": "github"
      },
      "original": {
        "owner": "edolstra",
        "repo": "flake-compat",
        "type": "github"
      }
    },
    "home-manager": {
      "inputs": {
        "nixpkgs": "nixpkgs"
      },
      "locked": {
        "lastModified": 1653518057,
        "narHash": "sha256-cam3Nfae5ADeEs6mRPzr0jXB7+DhyMIXz0/0Q13r/yk=",
        "owner": "nix-community",
        "repo": "home-manager",
        "rev": "64831f938bd413cefde0b0cf871febc494afaa4f",
        "type": "github"
      },
      "original": {
        "owner": "nix-community",
        "repo": "home-manager",
        "type": "github"
      }
    },
    "libnbtplusplus": {
      "flake": false,
      "locked": {
        "lastModified": 1591558203,
        "narHash": "sha256-QgvNvaoFflCXEPCCFBCeZvYTpuiwScBG7EosUgFwFNQ=",
        "owner": "multimc",
        "repo": "libnbtplusplus",
        "rev": "dc72a20b7efd304d12af2025223fad07b4b78464",
        "type": "github"
      },
      "original": {
        "owner": "multimc",
        "repo": "libnbtplusplus",
        "type": "github"
      }
    },
    "nixos-hardware": {
      "locked": {
        "lastModified": 1653463224,
        "narHash": "sha256-bUxKhqZhki2vPzFTl8HOo1m7pagF7WzY1MZiso8U5ws=",
        "owner": "nixos",
        "repo": "nixos-hardware",
        "rev": "39a7bfc496d2ddfce73fe9542af1f2029ba4fe39",
        "type": "github"
      },
      "original": {
        "owner": "nixos",
        "ref": "master",
        "repo": "nixos-hardware",
        "type": "github"
      }
    },
    "nixpkgs": {
      "locked": {
        "lastModified": 0,
        "narHash": "sha256-kfRusllRumpt33J1hPV+CeCCylCXEU7e0gn2/cIM7cY=",
        "path": "/nix/store/a3i6cnnswvdg4k38jmibnjms65rjvyi7-source",
        "type": "path"
      },
      "original": {
        "id": "nixpkgs",
        "type": "indirect"
      }
    },
    "nixpkgs_2": {
      "locked": {
        "lastModified": 1653407748,
        "narHash": "sha256-g9puJaILRTb9ttlLQ7IehpV7Wcy0n+vs8LOFu6ylQcM=",
        "owner": "nixos",
        "repo": "nixpkgs",
        "rev": "5ce6597eca7d7b518c03ecda57d45f9404b5e060",
        "type": "github"
      },
      "original": {
        "owner": "nixos",
        "ref": "nixos-unstable",
        "repo": "nixpkgs",
        "type": "github"
      }
    },
    "nixpkgs_3": {
      "locked": {
        "lastModified": 1648219316,
        "narHash": "sha256-Ctij+dOi0ZZIfX5eMhgwugfvB+WZSrvVNAyAuANOsnQ=",
        "owner": "nixos",
        "repo": "nixpkgs",
        "rev": "30d3d79b7d3607d56546dd2a6b49e156ba0ec634",
        "type": "github"
      },
      "original": {
        "owner": "nixos",
        "ref": "nixpkgs-unstable",
        "repo": "nixpkgs",
        "type": "github"
      }
    },
    "polymc": {
      "inputs": {
        "flake-compat": "flake-compat",
        "libnbtplusplus": "libnbtplusplus",
        "nixpkgs": "nixpkgs_3",
        "quazip": "quazip"
      },
      "locked": {
        "lastModified": 1653606547,
        "narHash": "sha256-OnjqHwa1/3WCtEy7CaSJest/WRBsrdFv7GqcanUxdjg=",
        "owner": "PolyMC",
        "repo": "PolyMC",
        "rev": "3ff26d5cfe293c635655d35e96d093ef0b383dc2",
        "type": "github"
      },
      "original": {
        "owner": "PolyMC",
        "repo": "PolyMC",
        "type": "github"
      }
    },
    "quazip": {
      "flake": false,
      "locked": {
        "lastModified": 1643049383,
        "narHash": "sha256-LcJY6yd6GyeL7X5MP4L94diceM1TYespWByliBsjK98=",
        "owner": "stachenov",
        "repo": "quazip",
        "rev": "09ec1d10c6d627f895109b21728dda000cbfa7d1",
        "type": "github"
      },
      "original": {
        "owner": "stachenov",
        "repo": "quazip",
        "type": "github"
      }
    },
    "root": {
      "inputs": {
        "home-manager": "home-manager",
        "nixos-hardware": "nixos-hardware",
        "nixpkgs": "nixpkgs_2",
        "polymc": "polymc"
      }
    }
  },
  "root": "root",
  "version": 7
}
